
Microsoft Visual Studio Solution File, Format Version 12.00
# Visual Studio Version 16
VisualStudioVersion = 16.0.30104.148
MinimumVisualStudioVersion = 10.0.40219.1
Project("{FAE04EC0-301F-11D3-BF4B-00C04F79EFBC}") = "App_BD_SQLite.Android", "App_BD_SQLite.Android\App_BD_SQLite.Android.csproj", "{9B5D7097-21B6-46E6-BAB1-7426066AFCDA}"
EndProject
Project("{FAE04EC0-301F-11D3-BF4B-00C04F79EFBC}") = "App_BD_SQLite.iOS", "App_BD_SQLite.iOS\App_BD_SQLite.iOS.csproj", "{4AF0997C-59BB-4D13-9903-2A973D1A0A6C}"
EndProject
Project("{FAE04EC0-301F-11D3-BF4B-00C04F79EFBC}") = "App_BD_SQLite", "App_BD_SQLite\App_BD_SQLite.csproj", "{DE659A00-9EF1-4E0A-AB84-644942A5A38A}"
EndProject
Global
	GlobalSection(SolutionConfigurationPlatforms) = preSolution
		Debug|Any CPU = Debug|Any CPU
		Debug|iPhone = Debug|iPhone
		Debug|iPhoneSimulator = Debug|iPhoneSimulator
		Release|Any CPU = Release|Any CPU
		Release|iPhone = Release|iPhone
		Release|iPhoneSimulator = Release|iPhoneSimulator
	EndGlobalSection
	GlobalSection(ProjectConfigurationPlatforms) = postSolution
		{9B5D7097-21B6-46E6-BAB1-7426066AFCDA}.Debug|Any CPU.ActiveCfg = Debug|Any CPU
		{9B5D7097-21B6-46E6-BAB1-7426066AFCDA}.Debug|Any CPU.Build.0 = Debug|Any CPU
		{9B5D7097-21B6-46E6-BAB1-7426066AFCDA}.Debug|Any CPU.Deploy.0 = Debug|Any CPU
		{9B5D7097-21B6-46E6-BAB1-7426066AFCDA}.Debug|iPhone.ActiveCfg = Debug|Any CPU
		{9B5D7097-21B6-46E6-BAB1-7426066AFCDA}.Debug|iPhone.Build.0 = Debug|Any CPU
		{9B5D7097-21B6-46E6-BAB1-7426066AFCDA}.Debug|iPhone.Deploy.0 = Debug|Any CPU
		{9B5D7097-21B6-46E6-BAB1-7426066AFCDA}.Debug|iPhoneSimulator.ActiveCfg = Debug|Any CPU
		{9B5D7097-21B6-46E6-BAB1-7426066AFCDA}.Debug|iPhoneSimulator.Build.0 = Debug|Any CPU
		{9B5D7097-21B6-46E6-BAB1-7426066AFCDA}.Debug|iPhoneSimulator.Deploy.0 = Debug|Any CPU
		{9B5D7097-21B6-46E6-BAB1-7426066AFCDA}.Release|Any CPU.ActiveCfg = Release|Any CPU
		{9B5D7097-21B6-46E6-BAB1-7426066AFCDA}.Release|Any CPU.Build.0 = Release|Any CPU
		{9B5D7097-21B6-46E6-BAB1-7426066AFCDA}.Release|Any CPU.Deploy.0 = Release|Any CPU
		{9B5D7097-21B6-46E6-BAB1-7426066AFCDA}.Release|iPhone.ActiveCfg = Release|Any CPU
		{9B5D7097-21B6-46E6-BAB1-7426066AFCDA}.Release|iPhone.Build.0 = Release|Any CPU
		{9B5D7097-21B6-46E6-BAB1-7426066AFCDA}.Release|iPhone.Deploy.0 = Release|Any CPU
		{9B5D7097-21B6-46E6-BAB1-7426066AFCDA}.Release|iPhoneSimulator.ActiveCfg = Release|Any CPU
		{9B5D7097-21B6-46E6-BAB1-7426066AFCDA}.Release|iPhoneSimulator.Build.0 = Release|Any CPU
		{9B5D7097-21B6-46E6-BAB1-7426066AFCDA}.Release|iPhoneSimulator.Deploy.0 = Release|Any CPU
		{4AF0997C-59BB-4D13-9903-2A973D1A0A6C}.Debug|Any CPU.ActiveCfg = Debug|iPhone
		{4AF0997C-59BB-4D13-9903-2A973D1A0A6C}.Debug|Any CPU.Build.0 = Debug|iPhone
		{4AF0997C-59BB-4D13-9903-2A973D1A0A6C}.Debug|Any CPU.Deploy.0 = Debug|iPhone
		{4AF0997C-59BB-4D13-9903-2A973D1A0A6C}.Debug|iPhone.ActiveCfg = Debug|iPhone
		{4AF0997C-59BB-4D13-9903-2A973D1A0A6C}.Debug|iPhone.Build.0 = Debug|iPhone
		{4AF0997C-59BB-4D13-9903-2A973D1A0A6C}.Debug|iPhone.Deploy.0 = Debug|iPhone
		{4AF0997C-59BB-4D13-9903-2A973D1A0A6C}.Debug|iPhoneSimulator.ActiveCfg = Debug|iPhoneSimulator
		{4AF0997C-59BB-4D13-9903-2A973D1A0A6C}.Debug|iPhoneSimulator.Build.0 = Debug|iPhoneSimulator
		{4AF0997C-59BB-4D13-9903-2A973D1A0A6C}.Debug|iPhoneSimulator.Deploy.0 = Debug|iPhoneSimulator
		{4AF0997C-59BB-4D13-9903-2A973D1A0A6C}.Release|Any CPU.ActiveCfg = Release|iPhone
		{4AF0997C-59BB-4D13-9903-2A973D1A0A6C}.Release|Any CPU.Build.0 = Release|iPhone
		{4AF0997C-59BB-4D13-9903-2A973D1A0A6C}.Release|Any CPU.Deploy.0 = Release|iPhone
		{4AF0997C-59BB-4D13-9903-2A973D1A0A6C}.Release|iPhone.ActiveCfg = Release|iPhone
		{4AF0997C-59BB-4D13-9903-2A973D1A0A6C}.Release|iPhone.Build.0 = Release|iPhone
		{4AF0997C-59BB-4D13-9903-2A973D1A0A6C}.Release|iPhone.Deploy.0 = Release|iPhone
		{4AF0997C-59BB-4D13-9903-2A973D1A0A6C}.Release|iPhoneSimulator.ActiveCfg = Release|iPhoneSimulator
		{4AF0997C-59BB-4D13-9903-2A973D1A0A6C}.Release|iPhoneSimulator.Build.0 = Release|iPhoneSimulator
		{4AF0997C-59BB-4D13-9903-2A973D1A0A6C}.Release|iPhoneSimulator.Deploy.0 = Release|iPhoneSimulator
		{DE659A00-9EF1-4E0A-AB84-644942A5A38A}.Debug|Any CPU.ActiveCfg = Debug|Any CPU
		{DE659A00-9EF1-4E0A-AB84-644942A5A38A}.Debug|Any CPU.Build.0 = Debug|Any CPU
		{DE659A00-9EF1-4E0A-AB84-644942A5A38A}.Debug|Any CPU.Deploy.0 = Debug|Any CPU
		{DE659A00-9EF1-4E0A-AB84-644942A5A38A}.Debug|iPhone.ActiveCfg = Debug|Any CPU
		{DE659A00-9EF1-4E0A-AB84-644942A5A38A}.Debug|iPhone.Build.0 = Debug|Any CPU
		{DE659A00-9EF1-4E0A-AB84-644942A5A38A}.Debug|iPhone.Deploy.0 = Debug|Any CPU
		{DE659A00-9EF1-4E0A-AB84-644942A5A38A}.Debug|iPhoneSimulator.ActiveCfg = Debug|Any CPU
		{DE659A00-9EF1-4E0A-AB84-644942A5A38A}.Debug|iPhoneSimulator.Build.0 = Debug|Any CPU
		{DE659A00-9EF1-4E0A-AB84-644942A5A38A}.Debug|iPhoneSimulator.Deploy.0 = Debug|Any CPU
		{DE659A00-9EF1-4E0A-AB84-644942A5A38A}.Release|Any CPU.ActiveCfg = Release|Any CPU
		{DE659A00-9EF1-4E0A-AB84-644942A5A38A}.Release|Any CPU.Build.0 = Release|Any CPU
		{DE659A00-9EF1-4E0A-AB84-644942A5A38A}.Release|Any CPU.Deploy.0 = Release|Any CPU
		{DE659A00-9EF1-4E0A-AB84-644942A5A38A}.Release|iPhone.ActiveCfg = Release|Any CPU
		{DE659A00-9EF1-4E0A-AB84-644942A5A38A}.Release|iPhone.Build.0 = Release|Any CPU
		{DE659A00-9EF1-4E0A-AB84-644942A5A38A}.Release|iPhone.Deploy.0 = Release|Any CPU
		{DE659A00-9EF1-4E0A-AB84-644942A5A38A}.Release|iPhoneSimulator.ActiveCfg = Release|Any CPU
		{DE659A00-9EF1-4E0A-AB84-644942A5A38A}.Release|iPhoneSimulator.Build.0 = Release|Any CPU
		{DE659A00-9EF1-4E0A-AB84-644942A5A38A}.Release|iPhoneSimulator.Deploy.0 = Release|Any CPU
	EndGlobalSection
	GlobalSection(SolutionProperties) = preSolution
		HideSolutionNode = FALSE
	EndGlobalSection
	GlobalSection(ExtensibilityGlobals) = postSolution
		SolutionGuid = {E0B2DB80-5E66-4280-A628-C6005D45F967}
	EndGlobalSection
EndGlobal
